# THIS IS AN AUTOGENERATED FILE. DO NOT EDIT THIS FILE DIRECTLY.
# yarn lockfile v1


"@47ng/cloak@^1.1.0":
  version "1.1.0"
  resolved "https://registry.yarnpkg.com/@47ng/cloak/-/cloak-1.1.0.tgz#4172ea63287d3c28aef3ac361fbe313d55647204"
  integrity sha512-47dVSPgjTiH3Fgt2CATudxJAU7Fv1WjFIo2e4tXG2UcQitqmIGf9GCgv1MnGv8ctNGPAy9gsjHnNujzuZ1bOow==
  dependencies:
    "@47ng/codec" "^1.0.1"
    "@stablelib/base64" "^1.0.1"
    "@stablelib/hex" "^1.0.1"
    "@stablelib/utf8" "^1.0.1"
    chalk "^4.1.2"
    commander "^8.3.0"
    dotenv "^10.0.0"
    s-ago "^2.2.0"

"@47ng/codec@^1.0.1":
  version "1.1.0"
  resolved "https://registry.yarnpkg.com/@47ng/codec/-/codec-1.1.0.tgz#ff4a3e37855fb45273152c9d8dd99f2400b57f08"
  integrity sha512-gvtA2RjijvEiYQbURPM6/Z+ySfS4lmtQ9NovDzzT+5ekeZ3M5pGiotlT94Qd+At4AYwWp7mWJLvxFn3JR+BZbA==
  dependencies:
    "@stablelib/base64" "^1.0.1"
    "@stablelib/hex" "^1.0.1"

"@cspotcode/source-map-support@^0.8.0":
  version "0.8.1"
  resolved "https://registry.yarnpkg.com/@cspotcode/source-map-support/-/source-map-support-0.8.1.tgz#00629c35a688e05a88b1cda684fb9d5e73f000a1"
  integrity sha512-IchNf6dN4tHoMFIn/7OE8LWZ19Y6q/67Bmf6vnGREv8RSbBVb9LPJxEcnwrcwX6ixSvaiGoomAUvu4YSxXrVgw==
  dependencies:
    "@jridgewell/trace-mapping" "0.3.9"

"@jridgewell/resolve-uri@^3.0.3":
  version "3.1.1"
  resolved "https://registry.yarnpkg.com/@jridgewell/resolve-uri/-/resolve-uri-3.1.1.tgz#c08679063f279615a3326583ba3a90d1d82cc721"
  integrity sha512-dSYZh7HhCDtCKm4QakX0xFpsRDqjjtZf/kjI/v3T3Nwt5r8/qz/M19F9ySyOqU94SXBmeG9ttTul+YnR4LOxFA==

"@jridgewell/sourcemap-codec@^1.4.10":
  version "1.4.15"
  resolved "https://registry.yarnpkg.com/@jridgewell/sourcemap-codec/-/sourcemap-codec-1.4.15.tgz#d7c6e6755c78567a951e04ab52ef0fd26de59f32"
  integrity sha512-eF2rxCRulEKXHTRiDrDy6erMYWqNw4LPdQ8UQA4huuxaQsVeRPFl2oM8oDGxMFhJUWZf9McpLtJasDDZb/Bpeg==

"@jridgewell/trace-mapping@0.3.9":
  version "0.3.9"
  resolved "https://registry.yarnpkg.com/@jridgewell/trace-mapping/-/trace-mapping-0.3.9.tgz#6534fd5933a53ba7cbf3a17615e273a0d1273ff9"
  integrity sha512-3Belt6tdc8bPgAtbcmdtNJlirVoTmEb5e2gC94PnkwEW9jI6CAHUeoG85tjWP5WquqfavoMtMwiG4P926ZKKuQ==
  dependencies:
    "@jridgewell/resolve-uri" "^3.0.3"
    "@jridgewell/sourcemap-codec" "^1.4.10"

"@prisma/client@5.5.2":
  version "5.5.2"
  resolved "https://registry.yarnpkg.com/@prisma/client/-/client-5.5.2.tgz#ce6389e7ad9e9cf0fc2a7c6a0032ad2e12a9fd61"
  integrity sha512-54XkqR8M+fxbzYqe+bIXimYnkkcGqgOh0dn0yWtIk6CQT4IUCAvNFNcQZwk2KqaLU+/1PHTSWrcHtx4XjluR5w==
  dependencies:
    "@prisma/engines-version" "5.5.1-1.aebc046ce8b88ebbcb45efe31cbe7d06fd6abc0a"

"@prisma/debug@5.5.2":
  version "5.5.2"
  resolved "https://registry.yarnpkg.com/@prisma/debug/-/debug-5.5.2.tgz#25fc82ac13dff7491f136fad45a49e114effb148"
  integrity sha512-OeyuNABo1dgWHIQuJAdvW5qp5ccFfbI0CKNvdg8D34YWOfo6L+4J0gmnRI/j+h40HvM3S5WH2T8e3W9bPa7EVg==
  dependencies:
    "@types/debug" "4.1.9"
    debug "4.3.4"
    strip-ansi "6.0.1"

"@prisma/engines-version@5.5.1-1.aebc046ce8b88ebbcb45efe31cbe7d06fd6abc0a":
  version "5.5.1-1.aebc046ce8b88ebbcb45efe31cbe7d06fd6abc0a"
  resolved "https://registry.yarnpkg.com/@prisma/engines-version/-/engines-version-5.5.1-1.aebc046ce8b88ebbcb45efe31cbe7d06fd6abc0a.tgz#35cd59ed65ee1f9e333f4865ec86a4432c4d0a9c"
  integrity sha512-O+qHFnZvAyOFk1tUco2/VdiqS0ym42a3+6CYLScllmnpbyiTplgyLt2rK/B9BTjYkSHjrgMhkG47S0oqzdIckA==

"@prisma/engines@5.5.2":
  version "5.5.2"
  resolved "https://registry.yarnpkg.com/@prisma/engines/-/engines-5.5.2.tgz#fe0d2361a48c7d59568ccf0d35c75432594e1ac1"
  integrity sha512-Be5hoNF8k+lkB3uEMiCHbhbfF6aj1GnrTBnn5iYFT7GEr3TsOEp1soviEcBR0tYCgHbxjcIxJMhdbvxALJhAqg==

"@prisma/generator-helper@^5.0.0":
  version "5.5.2"
  resolved "https://registry.yarnpkg.com/@prisma/generator-helper/-/generator-helper-5.5.2.tgz#259089b857bf4a32075e0e4bf76b35add6b81021"
  integrity sha512-qQz4JfhjjMs+C/dbZUoGAU+JV685Qe72iGonDM0c9H05A5s5MCWj5wV2kVi1/DNiy7jkfqGGM7bX8k0/8yO0FQ==
  dependencies:
    "@prisma/debug" "5.5.2"
    "@types/cross-spawn" "6.0.3"
    cross-spawn "7.0.3"
    kleur "4.1.5"

"@stablelib/base64@^1.0.1":
  version "1.0.1"
  resolved "https://registry.yarnpkg.com/@stablelib/base64/-/base64-1.0.1.tgz#bdfc1c6d3a62d7a3b7bbc65b6cce1bb4561641be"
  integrity sha512-1bnPQqSxSuc3Ii6MhBysoWCg58j97aUjuCSZrGSmDxNqtytIi0k8utUenAwTZN4V5mXXYGsVUI9zeBqy+jBOSQ==

"@stablelib/hex@^1.0.1":
  version "1.0.1"
  resolved "https://registry.yarnpkg.com/@stablelib/hex/-/hex-1.0.1.tgz#564bd46d896941c93131d1e1869eabc17cf9bab5"
  integrity sha512-PQOEChVBjhYGgAD+ehO2ow1gSj1slre3jW4oMD4kV8VrhYhzmtsQDWDZej3BQO8qkVezdczDvISxVSF24PuYNA==

"@stablelib/utf8@^1.0.1":
  version "1.0.1"
  resolved "https://registry.yarnpkg.com/@stablelib/utf8/-/utf8-1.0.1.tgz#fd5e7ad353b7e3cd1ce85e49099360e57693cfd1"
  integrity sha512-FrYD1xadah/TtAP6VJ04lDD5h9rdDj/d8wH/jMYTtHqZBv9z2btdvEU8vTxdjdkFmo1b/BH+t3R1wi/mYhCCNg==

"@tsconfig/node10@^1.0.7":
  version "1.0.9"
  resolved "https://registry.yarnpkg.com/@tsconfig/node10/-/node10-1.0.9.tgz#df4907fc07a886922637b15e02d4cebc4c0021b2"
  integrity sha512-jNsYVVxU8v5g43Erja32laIDHXeoNvFEpX33OK4d6hljo3jDhCBDhx5dhCCTMWUojscpAagGiRkBKxpdl9fxqA==

"@tsconfig/node12@^1.0.7":
  version "1.0.11"
  resolved "https://registry.yarnpkg.com/@tsconfig/node12/-/node12-1.0.11.tgz#ee3def1f27d9ed66dac6e46a295cffb0152e058d"
  integrity sha512-cqefuRsh12pWyGsIoBKJA9luFu3mRxCA+ORZvA4ktLSzIuCUtWVxGIuXigEwO5/ywWFMZ2QEGKWvkZG1zDMTag==

"@tsconfig/node14@^1.0.0":
  version "1.0.3"
  resolved "https://registry.yarnpkg.com/@tsconfig/node14/-/node14-1.0.3.tgz#e4386316284f00b98435bf40f72f75a09dabf6c1"
  integrity sha512-ysT8mhdixWK6Hw3i1V2AeRqZ5WfXg1G43mqoYlM2nc6388Fq5jcXyr5mRsqViLx/GJYdoL0bfXD8nmF+Zn/Iow==

"@tsconfig/node16@^1.0.2":
  version "1.0.4"
  resolved "https://registry.yarnpkg.com/@tsconfig/node16/-/node16-1.0.4.tgz#0b92dcc0cc1c81f6f306a381f28e31b1a56536e9"
  integrity sha512-vxhUy4J8lyeyinH7Azl1pdd43GJhZH/tP2weN8TntQblOY+A0XbT8DJk1/oCPuOOyg/Ja757rG0CgHcWC8OfMA==

"@types/cross-spawn@6.0.3":
  version "6.0.3"
  resolved "https://registry.yarnpkg.com/@types/cross-spawn/-/cross-spawn-6.0.3.tgz#c743cb2608f55860ee9776d8c99135d6032c763c"
  integrity sha512-BDAkU7WHHRHnvBf5z89lcvACsvkz/n7Tv+HyD/uW76O29HoH1Tk/W6iQrepaZVbisvlEek4ygwT8IW7ow9XLAA==
  dependencies:
    "@types/node" "*"

"@types/debug@4.1.9":
  version "4.1.9"
  resolved "https://registry.yarnpkg.com/@types/debug/-/debug-4.1.9.tgz#906996938bc672aaf2fb8c0d3733ae1dda05b005"
  integrity sha512-8Hz50m2eoS56ldRlepxSBa6PWEVCtzUo/92HgLc2qTMnotJNIm7xP+UZhyWoYsyOdd5dxZ+NZLb24rsKyFs2ow==
  dependencies:
    "@types/ms" "*"

"@types/ms@*":
  version "0.7.33"
  resolved "https://registry.yarnpkg.com/@types/ms/-/ms-0.7.33.tgz#80bf1da64b15f21fd8c1dc387c31929317d99ee9"
  integrity sha512-AuHIyzR5Hea7ij0P9q7vx7xu4z0C28ucwjAZC0ja7JhINyCnOw8/DnvAPQQ9TfOlCtZAmCERKQX9+o1mgQhuOQ==

"@types/node@*", "@types/node@20.8.10":
  version "20.8.10"
  resolved "https://registry.yarnpkg.com/@types/node/-/node-20.8.10.tgz#a5448b895c753ae929c26ce85cab557c6d4a365e"
  integrity sha512-TlgT8JntpcbmKUFzjhsyhGfP2fsiz1Mv56im6enJ905xG1DAYesxJaeSbGqQmAw8OWPdhyJGhGSQGKRNJ45u9w==
  dependencies:
    undici-types "~5.26.4"

acorn-walk@^8.1.1:
  version "8.3.0"
  resolved "https://registry.yarnpkg.com/acorn-walk/-/acorn-walk-8.3.0.tgz#2097665af50fd0cf7a2dfccd2b9368964e66540f"
  integrity sha512-FS7hV565M5l1R08MXqo8odwMTB02C2UqzB17RVgu9EyuYFBqJZ3/ZY97sQD5FewVu1UyDFc1yztUDrAwT0EypA==

acorn@^8.4.1:
  version "8.11.2"
  resolved "https://registry.yarnpkg.com/acorn/-/acorn-8.11.2.tgz#ca0d78b51895be5390a5903c5b3bdcdaf78ae40b"
  integrity sha512-nc0Axzp/0FILLEVsm4fNwLCwMttvhEI263QtVPQcbpfZZ3ts0hLsZGOpE6czNlid7CJ9MlyH8reXkpsf3YUY4w==

ansi-regex@^5.0.1:
  version "5.0.1"
  resolved "https://registry.yarnpkg.com/ansi-regex/-/ansi-regex-5.0.1.tgz#082cb2c89c9fe8659a311a53bd6a4dc5301db304"
  integrity sha512-quJQXlTSUGL2LH9SUXo8VwsY4soanhgo6LNSm84E1LBcE8s3O0wpdiRzyR9z/ZZJMlMWv37qOOb9pdJlMUEKFQ==

ansi-styles@^4.1.0:
  version "4.3.0"
  resolved "https://registry.yarnpkg.com/ansi-styles/-/ansi-styles-4.3.0.tgz#edd803628ae71c04c85ae7a0906edad34b648937"
  integrity sha512-zbB9rCJAT1rbjiVDb2hqKFHNYLxgtk8NURxZ3IZwD3F6NtxbXZQCnnSi1Lkx+IDohdPlFp222wVALIheZJQSEg==
  dependencies:
    color-convert "^2.0.1"

arg@^4.1.0:
  version "4.1.3"
  resolved "https://registry.yarnpkg.com/arg/-/arg-4.1.3.tgz#269fc7ad5b8e42cb63c896d5666017261c144089"
  integrity sha512-58S9QDqG0Xx27YwPSt9fJxivjYl432YCwfDMfZ+71RAqUrZef7LrKQZ3LHLOwCS4FLNBplP533Zx895SeOCHvA==

chalk@^4.1.2:
  version "4.1.2"
  resolved "https://registry.yarnpkg.com/chalk/-/chalk-4.1.2.tgz#aac4e2b7734a740867aeb16bf02aad556a1e7a01"
  integrity sha512-oKnbhFyRIXpUuez8iBMmyEa4nbj4IOQyuhc/wy9kY7/WVPcwIO9VA668Pu8RkO7+0G76SLROeyw9CpQ061i4mA==
  dependencies:
    ansi-styles "^4.1.0"
    supports-color "^7.1.0"

color-convert@^2.0.1:
  version "2.0.1"
  resolved "https://registry.yarnpkg.com/color-convert/-/color-convert-2.0.1.tgz#72d3a68d598c9bdb3af2ad1e84f21d896abd4de3"
  integrity sha512-RRECPsj7iu/xb5oKYcsFHSppFNnsj/52OVTRKb4zP5onXwVF3zVmmToNcOfGC+CRDpfK/U584fMg38ZHCaElKQ==
  dependencies:
    color-name "~1.1.4"

color-name@~1.1.4:
  version "1.1.4"
  resolved "https://registry.yarnpkg.com/color-name/-/color-name-1.1.4.tgz#c2a09a87acbde69543de6f63fa3995c826c536a2"
  integrity sha512-dOy+3AuW3a2wNbZHIuMZpTcgjGuLU/uBL/ubcZF9OXbDo8ff4O8yVp5Bf0efS8uEoYo5q4Fx7dY9OgQGXgAsQA==

commander@^8.3.0:
  version "8.3.0"
  resolved "https://registry.yarnpkg.com/commander/-/commander-8.3.0.tgz#4837ea1b2da67b9c616a67afbb0fafee567bca66"
  integrity sha512-OkTL9umf+He2DZkUq8f8J9of7yL6RJKI24dVITBmNfZBmri9zYZQrKkuXiKhyfPSu8tUhnVBB1iKXevvnlR4Ww==

create-require@^1.1.0:
  version "1.1.1"
  resolved "https://registry.yarnpkg.com/create-require/-/create-require-1.1.1.tgz#c1d7e8f1e5f6cfc9ff65f9cd352d37348756c333"
  integrity sha512-dcKFX3jn0MpIaXjisoRvexIJVEKzaq7z2rZKxf+MSr9TkdmHmsU4m2lcLojrj/FHl8mk5VxMmYA+ftRkP/3oKQ==

cross-spawn@7.0.3:
  version "7.0.3"
  resolved "https://registry.yarnpkg.com/cross-spawn/-/cross-spawn-7.0.3.tgz#f73a85b9d5d41d045551c177e2882d4ac85728a6"
  integrity sha512-iRDPJKUPVEND7dHPO8rkbOnPpyDygcDFtWjpeWNCgy8WP2rXcxXL8TskReQl6OrB2G7+UJrags1q15Fudc7G6w==
  dependencies:
    path-key "^3.1.0"
    shebang-command "^2.0.0"
    which "^2.0.1"

debug@4.3.4, debug@^4.3.4:
  version "4.3.4"
  resolved "https://registry.yarnpkg.com/debug/-/debug-4.3.4.tgz#1319f6579357f2338d3337d2cdd4914bb5dcc865"
  integrity sha512-PRWFHuSU3eDtQJPvnNY7Jcket1j0t5OuOsFzPPzsekD52Zl8qUfFIPEiswXqIvHWGVHOgX+7G/vCNNhehwxfkQ==
  dependencies:
    ms "2.1.2"

diff@^4.0.1:
  version "4.0.2"
  resolved "https://registry.yarnpkg.com/diff/-/diff-4.0.2.tgz#60f3aecb89d5fae520c11aa19efc2bb982aade7d"
  integrity sha512-58lmxKSA4BNyLz+HHMUzlOEpg09FV+ev6ZMe3vJihgdxzgcwZ8VoEEPmALCZG9LmqfVoNMMKpttIYTVG6uDY7A==

dotenv@^10.0.0:
  version "10.0.0"
  resolved "https://registry.yarnpkg.com/dotenv/-/dotenv-10.0.0.tgz#3d4227b8fb95f81096cdd2b66653fb2c7085ba81"
  integrity sha512-rlBi9d8jpv9Sf1klPjNfFAuWDjKLwTIJJ/VxtoTwIR6hnZxcEOQCZg2oIL3MWBYw5GpUDKOEnND7LXTbIpQ03Q==

has-flag@^4.0.0:
  version "4.0.0"
  resolved "https://registry.yarnpkg.com/has-flag/-/has-flag-4.0.0.tgz#944771fd9c81c81265c4d6941860da06bb59479b"
  integrity sha512-EykJT/Q1KjTWctppgIAgfSO0tKVuZUjhgMr17kqTumMl6Afv3EISleU7qZUzoXDFTAHTDC4NOoG/ZxU3EvlMPQ==

immer@^10.0.2:
  version "10.0.3"
  resolved "https://registry.yarnpkg.com/immer/-/immer-10.0.3.tgz#a8de42065e964aa3edf6afc282dfc7f7f34ae3c9"
  integrity sha512-pwupu3eWfouuaowscykeckFmVTpqbzW+rXFCX8rQLkZzM9ftBmU/++Ra+o+L27mz03zJTlyV4UUr+fdKNffo4A==

isexe@^2.0.0:
  version "2.0.0"
  resolved "https://registry.yarnpkg.com/isexe/-/isexe-2.0.0.tgz#e8fbf374dc556ff8947a10dcb0572d633f2cfa10"
  integrity sha512-RHxMLp9lnKHGHRng9QFhRCMbYAcVpn69smSGcq3f36xjgVVWThj4qqLbTLlq7Ssj8B+fIQ1EuCEGI2lKsyQeIw==

kleur@4.1.5:
  version "4.1.5"
  resolved "https://registry.yarnpkg.com/kleur/-/kleur-4.1.5.tgz#95106101795f7050c6c650f350c683febddb1780"
  integrity sha512-o+NO+8WrRiQEE4/7nwRJhN1HWpVmJm511pBHUxPLtp0BUISzlBplORYSmTclCnJvQq2tKu/sgl3xVpkc7ZWuQQ==

make-error@^1.1.1:
  version "1.3.6"
  resolved "https://registry.yarnpkg.com/make-error/-/make-error-1.3.6.tgz#2eb2e37ea9b67c4891f684a1394799af484cf7a2"
  integrity sha512-s8UhlNe7vPKomQhC1qFelMokr/Sc3AgNbso3n74mVPA5LTZwkB9NlXf4XPamLxJE8h0gh73rM94xvwRT2CVInw==

ms@2.1.2:
  version "2.1.2"
  resolved "https://registry.yarnpkg.com/ms/-/ms-2.1.2.tgz#d09d1f357b443f493382a8eb3ccd183872ae6009"
  integrity sha512-sGkPx+VjMtmA6MX27oA4FBFELFCZZ4S4XqeGOXCv68tT+jb3vk/RyaKWP0PTKyWtmLSM0b+adUTEvbs1PEaH2w==

object-path@^0.11.8:
  version "0.11.8"
  resolved "https://registry.yarnpkg.com/object-path/-/object-path-0.11.8.tgz#ed002c02bbdd0070b78a27455e8ae01fc14d4742"
  integrity sha512-YJjNZrlXJFM42wTBn6zgOJVar9KFJvzx6sTWDte8sWZF//cnjl0BxHNpfZx+ZffXX63A9q0b1zsFiBX4g4X5KA==

path-key@^3.1.0:
  version "3.1.1"
  resolved "https://registry.yarnpkg.com/path-key/-/path-key-3.1.1.tgz#581f6ade658cbba65a0d3380de7753295054f375"
  integrity sha512-ojmeN0qd+y0jszEtoY48r0Peq5dwMEkIlCOu6Q5f41lfkswXuKtYrhgoTpLnyIcHm24Uhqx+5Tqm2InSwLhE6Q==

prisma-field-encryption@^1.5.0:
  version "1.5.0"
  resolved "https://registry.yarnpkg.com/prisma-field-encryption/-/prisma-field-encryption-1.5.0.tgz#99b493a987cadeb986f33239285c7a1ead8e9e5f"
  integrity sha512-lPa1b+98P8roXe79fY8XZI8F7KcbtPe0znTOM71jvIjy3F9SIic8CMK9fJje/Tp3q0ah2QTtFw+pZftaD3LnfA==
  dependencies:
    "@47ng/cloak" "^1.1.0"
    "@prisma/generator-helper" "^5.0.0"
    debug "^4.3.4"
    immer "^10.0.2"
    object-path "^0.11.8"
    zod "^3.21.4"

prisma@5.5.2:
  version "5.5.2"
  resolved "https://registry.yarnpkg.com/prisma/-/prisma-5.5.2.tgz#54ad2f04f0dd4174f27128e4447013e8d75c4d69"
  integrity sha512-WQtG6fevOL053yoPl6dbHV+IWgKo25IRN4/pwAGqcWmg7CrtoCzvbDbN9fXUc7QS2KK0LimHIqLsaCOX/vHl8w==
  dependencies:
    "@prisma/engines" "5.5.2"

s-ago@^2.2.0:
  version "2.2.0"
  resolved "https://registry.yarnpkg.com/s-ago/-/s-ago-2.2.0.tgz#4143a9d0176b3100dcf649c78e8a1ec8a59b1312"
  integrity sha512-t6Q/aFCCJSBf5UUkR/WH0mDHX8EGm2IBQ7nQLobVLsdxOlkryYMbOlwu2D4Cf7jPUp0v1LhfPgvIZNoi9k8lUA==

shebang-command@^2.0.0:
  version "2.0.0"
  resolved "https://registry.yarnpkg.com/shebang-command/-/shebang-command-2.0.0.tgz#ccd0af4f8835fbdc265b82461aaf0c36663f34ea"
  integrity sha512-kHxr2zZpYtdmrN1qDjrrX/Z1rR1kG8Dx+gkpK1G4eXmvXswmcE1hTWBWYUzlraYw1/yZp6YuDY77YtvbN0dmDA==
  dependencies:
    shebang-regex "^3.0.0"

shebang-regex@^3.0.0:
  version "3.0.0"
  resolved "https://registry.yarnpkg.com/shebang-regex/-/shebang-regex-3.0.0.tgz#ae16f1644d873ecad843b0307b143362d4c42172"
  integrity sha512-7++dFhtcx3353uBaq8DDR4NuxBetBzC7ZQOhmTQInHEd6bSrXdiEyzCvG07Z44UYdLShWUyXt5M/yhz8ekcb1A==

strip-ansi@6.0.1:
  version "6.0.1"
  resolved "https://registry.yarnpkg.com/strip-ansi/-/strip-ansi-6.0.1.tgz#9e26c63d30f53443e9489495b2105d37b67a85d9"
  integrity sha512-Y38VPSHcqkFrCpFnQ9vuSXmquuv5oXOKpGeT6aGrr3o3Gc9AlVa6JBfUSOCnbxGGZF+/0ooI7KrPuUSztUdU5A==
  dependencies:
    ansi-regex "^5.0.1"

supports-color@^7.1.0:
  version "7.2.0"
  resolved "https://registry.yarnpkg.com/supports-color/-/supports-color-7.2.0.tgz#1b7dcdcb32b8138801b3e478ba6a51caa89648da"
  integrity sha512-qpCAvRl9stuOHveKsn7HncJRvv501qIacKzQlO/+Lwxc9+0q2wLyv4Dfvt80/DPn2pqOBsJdDiogXGR9+OvwRw==
  dependencies:
    has-flag "^4.0.0"

ts-node@10.9.1:
  version "10.9.1"
  resolved "https://registry.yarnpkg.com/ts-node/-/ts-node-10.9.1.tgz#e73de9102958af9e1f0b168a6ff320e25adcff4b"
  integrity sha512-NtVysVPkxxrwFGUUxGYhfux8k78pQB3JqYBXlLRZgdGUqTO5wU/UyHop5p70iEbGhB7q5KmiZiU0Y3KlJrScEw==
  dependencies:
    "@cspotcode/source-map-support" "^0.8.0"
    "@tsconfig/node10" "^1.0.7"
    "@tsconfig/node12" "^1.0.7"
    "@tsconfig/node14" "^1.0.0"
    "@tsconfig/node16" "^1.0.2"
    acorn "^8.4.1"
    acorn-walk "^8.1.1"
    arg "^4.1.0"
    create-require "^1.1.0"
    diff "^4.0.1"
    make-error "^1.1.1"
    v8-compile-cache-lib "^3.0.1"
    yn "3.1.1"

typescript@5.2.2:
  version "5.2.2"
  resolved "https://registry.yarnpkg.com/typescript/-/typescript-5.2.2.tgz#5ebb5e5a5b75f085f22bc3f8460fba308310fa78"
  integrity sha512-mI4WrpHsbCIcwT9cF4FZvr80QUeKvsUsUvKDoR+X/7XHQH98xYD8YHZg7ANtz2GtZt/CBq2QJ0thkGJMHfqc1w==

undici-types@~5.26.4:
  version "5.26.5"
  resolved "https://registry.yarnpkg.com/undici-types/-/undici-types-5.26.5.tgz#bcd539893d00b56e964fd2657a4866b221a65617"
  integrity sha512-JlCMO+ehdEIKqlFxk6IfVoAUVmgz7cU7zD/h9XZ0qzeosSHmUJVOzSQvvYSYWXkFXC+IfLKSIffhv0sVZup6pA==

v8-compile-cache-lib@^3.0.1:
  version "3.0.1"
  resolved "https://registry.yarnpkg.com/v8-compile-cache-lib/-/v8-compile-cache-lib-3.0.1.tgz#6336e8d71965cb3d35a1bbb7868445a7c05264bf"
  integrity sha512-wa7YjyUGfNZngI/vtK0UHAN+lgDCxBPCylVXGp0zu59Fz5aiGtNXaq3DhIov063MorB+VfufLh3JlF2KdTK3xg==

which@^2.0.1:
  version "2.0.2"
  resolved "https://registry.yarnpkg.com/which/-/which-2.0.2.tgz#7c6a8dd0a636a0327e10b59c9286eee93f3f51b1"
  integrity sha512-BLI3Tl1TW3Pvl70l3yq3Y64i+awpwXqsGBYWkkqMtnbXgrMD+yj7rhW0kuEDxzJaYXGjEW5ogapKNMEKNMjibA==
  dependencies:
    isexe "^2.0.0"

yn@3.1.1:
  version "3.1.1"
  resolved "https://registry.yarnpkg.com/yn/-/yn-3.1.1.tgz#1e87401a09d767c1d5eab26a6e4c185182d2eb50"
  integrity sha512-Ux4ygGWsu2c7isFWe8Yu1YluJmqVhxqK2cLXNQA5AcC3QfbGNpM7fu0Y8b/z16pXLnFxZYvWhd3fhBY9DLmC6Q==

zod@^3.21.4:
  version "3.22.4"
  resolved "https://registry.yarnpkg.com/zod/-/zod-3.22.4.tgz#f31c3a9386f61b1f228af56faa9255e845cf3fff"
  integrity sha512-iC+8Io04lddc+mVqQ9AZ7OQ2MrUKGN+oIQyq1vemgt46jwCwLfhq7/pwnBnNXXXZb8VTVLKwp9EDkx+ryxIWmg==
